dependencies:
  espressif/usb_host_uac:
    component_hash: 6bcac5e817b87e6d089574f2280d35eef2e761e387b667909c158238358d2a14
    source:
      type: service
    version: 1.0.0
  idf:
    component_hash: null
    source:
      type: idf
    version: 5.0.6
manifest_hash: 4181ba46eaef906dc497541b34620c1ce46b918c380e8201c75bc7ffc1628d98
target: esp32s3
version: 1.0.0
