dependencies:
  espressif/cmake_utilities:
    component_hash: 05165f30922b422b4b90c08845e6d449329b97370fbd06309803d8cb539d79e3
    source:
      type: service
    version: 1.1.1
  espressif/usb_device_uac:
    component_hash: d84300e48d85793db0e300083cebab5084e69e4a63231857fb8b97517dbc3007
    source:
      type: service
    version: 0.2.0
  espressif/usb_host_uac:
    component_hash: null
    source:
      path: C:\Users\Nathan\Documents\GitHub\esp32-scream-receiver\components\espressif__usb_host_uac
      type: local
    version: 1.0.0
  idf:
    component_hash: null
    source:
      type: idf
    version: 5.4.0
  leeebo/tinyusb_src:
    component_hash: f8a386b696474c2b20482b662319200e4a2ce9cae8fa3ae7830d3929f03780c8
    source:
      type: service
    version: 0.16.0~6
manifest_hash: 89dd28ecb68132bbc20aabcf5a309876f266665dddafa4b08a5c7be53a7841ac
target: esp32s3
version: 1.0.0
